
Microsoft Visual Studio Solution File, Format Version 12.00
# Visual Studio Version 16
VisualStudioVersion = 16.0.29613.14
MinimumVisualStudioVersion = 10.0.40219.1
Project("{8BC9CEB8-8B4A-11D0-8D11-00A0C91BC942}") = "Osiris(Edit)", "Osiris(Edit)\Osiris(Edit).vcxproj", "{705E5717-00E9-4B5D-999F-F82BD146950A}"
EndProject
Project("{8BC9CEB8-8B4A-11D0-8D11-00A0C91BC942}") = "Lua-5.3.5", "Lua-5.3.5\Lua-5.3.5.vcxproj", "{A56246D9-02DB-4AAE-94CE-41E1C7B60AF2}"
EndProject
Global
	GlobalSection(SolutionConfigurationPlatforms) = preSolution
		Debug|x64 = Debug|x64
		Debug|x86 = Debug|x86
		Release|x64 = Release|x64
		Release|x86 = Release|x86
	EndGlobalSection
	GlobalSection(ProjectConfigurationPlatforms) = postSolution
		{705E5717-00E9-4B5D-999F-F82BD146950A}.Debug|x64.ActiveCfg = Debug|x64
		{705E5717-00E9-4B5D-999F-F82BD146950A}.Debug|x64.Build.0 = Debug|x64
		{705E5717-00E9-4B5D-999F-F82BD146950A}.Debug|x86.ActiveCfg = Debug|Win32
		{705E5717-00E9-4B5D-999F-F82BD146950A}.Debug|x86.Build.0 = Debug|Win32
		{705E5717-00E9-4B5D-999F-F82BD146950A}.Release|x64.ActiveCfg = Release|x64
		{705E5717-00E9-4B5D-999F-F82BD146950A}.Release|x64.Build.0 = Release|x64
		{705E5717-00E9-4B5D-999F-F82BD146950A}.Release|x86.ActiveCfg = Release|Win32
		{705E5717-00E9-4B5D-999F-F82BD146950A}.Release|x86.Build.0 = Release|Win32
		{A56246D9-02DB-4AAE-94CE-41E1C7B60AF2}.Debug|x64.ActiveCfg = Debug|x64
		{A56246D9-02DB-4AAE-94CE-41E1C7B60AF2}.Debug|x64.Build.0 = Debug|x64
		{A56246D9-02DB-4AAE-94CE-41E1C7B60AF2}.Debug|x86.ActiveCfg = Debug|Win32
		{A56246D9-02DB-4AAE-94CE-41E1C7B60AF2}.Debug|x86.Build.0 = Debug|Win32
		{A56246D9-02DB-4AAE-94CE-41E1C7B60AF2}.Release|x64.ActiveCfg = Release|x64
		{A56246D9-02DB-4AAE-94CE-41E1C7B60AF2}.Release|x64.Build.0 = Release|x64
		{A56246D9-02DB-4AAE-94CE-41E1C7B60AF2}.Release|x86.ActiveCfg = Release|Win32
		{A56246D9-02DB-4AAE-94CE-41E1C7B60AF2}.Release|x86.Build.0 = Release|Win32
	EndGlobalSection
	GlobalSection(SolutionProperties) = preSolution
		HideSolutionNode = FALSE
	EndGlobalSection
	GlobalSection(ExtensibilityGlobals) = postSolution
		SolutionGuid = {BFFD0C35-9C33-48D6-B3F9-299DD2CB8B25}
	EndGlobalSection
EndGlobal
